Microsoft Visual Studio Solution File, Format Version 12.00
# Visual Studio Version 17
VisualStudioVersion = 17.5.2.0
MinimumVisualStudioVersion = 10.0.40219.1
Project("{FAE04EC0-301F-11D3-BF4B-00C04F79EFBC}") = "MyEngine", "MyEngine.csproj", "{6BC752FC-BEC6-6D13-E3E2-E8CD7F483F8B}"
EndProject
Global
	GlobalSection(SolutionConfigurationPlatforms) = preSolution
		Debug|Any CPU = Debug|Any CPU
		Release|Any CPU = Release|Any CPU
	EndGlobalSection
	GlobalSection(ProjectConfigurationPlatforms) = postSolution
		{6BC752FC-BEC6-6D13-E3E2-E8CD7F483F8B}.Debug|Any CPU.ActiveCfg = Debug|Any CPU
		{6BC752FC-BEC6-6D13-E3E2-E8CD7F483F8B}.Debug|Any CPU.Build.0 = Debug|Any CPU
		{6BC752FC-BEC6-6D13-E3E2-E8CD7F483F8B}.Release|Any CPU.ActiveCfg = Release|Any CPU
		{6BC752FC-BEC6-6D13-E3E2-E8CD7F483F8B}.Release|Any CPU.Build.0 = Release|Any CPU
	EndGlobalSection
	GlobalSection(SolutionProperties) = preSolution
		HideSolutionNode = FALSE
	EndGlobalSection
	GlobalSection(ExtensibilityGlobals) = postSolution
		SolutionGuid = {E9AAEC0B-9053-423A-87F2-EBEF77441824}
	EndGlobalSection
EndGlobal
